PODS:
  - AppAuth (1.2.0):
    - AppAuth/Core (= 1.2.0)
    - AppAuth/ExternalUserAgent (= 1.2.0)
  - AppAuth/Core (1.2.0)
  - AppAuth/ExternalUserAgent (1.2.0)
  - RMPSecureAuth (0.1.2):
    - AppAuth (~> 1.2.0)

DEPENDENCIES:
  - RMPSecureAuth (from `../`)

SPEC REPOS:
  trunk:
    - AppAuth

EXTERNAL SOURCES:
  RMPSecureAuth:
    :path: "../"

SPEC CHECKSUMS:
  AppAuth: bce82c76043657c99d91e7882e8a9e1a93650cd4
  RMPSecureAuth: 9216e97505c706c36a10d63ef2e3e2f01dff63d6

PODFILE CHECKSUM: 390367476d03b237bd06f2f39ddab7eebbbd7229

COCOAPODS: 1.9.3
